PODS:
  - EANBarcodeGenerator (0.3.2)

DEPENDENCIES:
  - EANBarcodeGenerator (from `../`)

EXTERNAL SOURCES:
  EANBarcodeGenerator:
    :path: "../"

SPEC CHECKSUMS:
  EANBarcodeGenerator: 3488e974cdb1349f5f31a35e2120ee387de28066

PODFILE CHECKSUM: 6eb12bfd70f9c262524ec5e4c6232496e8bcbeb3

COCOAPODS: 1.15.2
